
Microsoft Visual Studio Solution File, Format Version 12.00
# Visual Studio Version 17
VisualStudioVersion = 17.13.35825.156 d17.13
MinimumVisualStudioVersion = 10.0.40219.1
Project("{FAE04EC0-301F-11D3-BF4B-00C04F79EFBC}") = "DrinksInfo", "DrinksInfo.csproj", "{A23BF446-BF12-4ABC-B283-00BDE569DEA0}"
EndProject
Global
	GlobalSection(SolutionConfigurationPlatforms) = preSolution
		Debug|Any CPU = Debug|Any CPU
		Release|Any CPU = Release|Any CPU
	EndGlobalSection
	GlobalSection(ProjectConfigurationPlatforms) = postSolution
		{A23BF446-BF12-4ABC-B283-00BDE569DEA0}.Debug|Any CPU.ActiveCfg = Debug|Any CPU
		{A23BF446-BF12-4ABC-B283-00BDE569DEA0}.Debug|Any CPU.Build.0 = Debug|Any CPU
		{A23BF446-BF12-4ABC-B283-00BDE569DEA0}.Release|Any CPU.ActiveCfg = Release|Any CPU
		{A23BF446-BF12-4ABC-B283-00BDE569DEA0}.Release|Any CPU.Build.0 = Release|Any CPU
	EndGlobalSection
	GlobalSection(SolutionProperties) = preSolution
		HideSolutionNode = FALSE
	EndGlobalSection
	GlobalSection(ExtensibilityGlobals) = postSolution
		SolutionGuid = {5E5A6539-F770-4FD6-A8D7-AB393F286272}
	EndGlobalSection
EndGlobal
